// !$*UTF8*$!
{
	archiveVersion = 1;
	classes = {
	};
	objectVersion = 56;
	objects = {

/* Begin PBXBuildFile section */
		2A1234560001 /* MealPlanPlusApp.swift in Sources */ = {isa = PBXBuildFile; fileRef = 2A1234570001 /* MealPlanPlusApp.swift */; };
		2A1234560002 /* ContentView.swift in Sources */ = {isa = PBXBuildFile; fileRef = 2A1234570002 /* ContentView.swift */; };
		2A1234560003 /* shared.framework in Frameworks */ = {isa = PBXBuildFile; fileRef = 2A1234570003 /* shared.framework */; };
		2A1234560004 /* shared.framework in Embed Frameworks */ = {isa = PBXBuildFile; fileRef = 2A1234570003 /* shared.framework */; settings = {ATTRIBUTES = (CodeSignOnCopy, RemoveHeadersOnCopy, ); }; };
		2A1234560005 /* libsqlite3.tbd in Frameworks */ = {isa = PBXBuildFile; fileRef = 2A1234570006 /* libsqlite3.tbd */; };
		2A1234560010 /* AppNavigation.swift in Sources */ = {isa = PBXBuildFile; fileRef = 2A1234570010 /* AppNavigation.swift */; };
		2A1234560011 /* LoginScreen.swift in Sources */ = {isa = PBXBuildFile; fileRef = 2A1234570011 /* LoginScreen.swift */; };
		2A1234560012 /* SignUpScreen.swift in Sources */ = {isa = PBXBuildFile; fileRef = 2A1234570012 /* SignUpScreen.swift */; };
		2A123456009A /* ForgotPasswordScreen.swift in Sources */ = {isa = PBXBuildFile; fileRef = 2A123457009A /* ForgotPasswordScreen.swift */; };
		2A1234560013 /* HomeScreen.swift in Sources */ = {isa = PBXBuildFile; fileRef = 2A1234570013 /* HomeScreen.swift */; };
		2A1234560014 /* FoodsScreen.swift in Sources */ = {isa = PBXBuildFile; fileRef = 2A1234570014 /* FoodsScreen.swift */; };
		2A1234560015 /* AddFoodScreen.swift in Sources */ = {isa = PBXBuildFile; fileRef = 2A1234570015 /* AddFoodScreen.swift */; };
		2A1234560016 /* MealsScreen.swift in Sources */ = {isa = PBXBuildFile; fileRef = 2A1234570016 /* MealsScreen.swift */; };
		2A1234560017 /* AddMealScreen.swift in Sources */ = {isa = PBXBuildFile; fileRef = 2A1234570017 /* AddMealScreen.swift */; };
		2A1234560018 /* DietsScreen.swift in Sources */ = {isa = PBXBuildFile; fileRef = 2A1234570018 /* DietsScreen.swift */; };
		2A1234560019 /* DietDetailScreen.swift in Sources */ = {isa = PBXBuildFile; fileRef = 2A1234570019 /* DietDetailScreen.swift */; };
		2A1234560020 /* DailyLogScreen.swift in Sources */ = {isa = PBXBuildFile; fileRef = 2A1234570020 /* DailyLogScreen.swift */; };
		2A1234560021 /* MoreScreen.swift in Sources */ = {isa = PBXBuildFile; fileRef = 2A1234570021 /* MoreScreen.swift */; };
		2A1234560022 /* BarcodeScannerScreen.swift in Sources */ = {isa = PBXBuildFile; fileRef = 2A1234570022 /* BarcodeScannerScreen.swift */; };
		2A1234560023 /* OnlineSearchScreen.swift in Sources */ = {isa = PBXBuildFile; fileRef = 2A1234570023 /* OnlineSearchScreen.swift */; };
		2A1234560031 /* ingredients.json in Resources */ = {isa = PBXBuildFile; fileRef = 2A1234570031 /* ingredients.json */; };
		2A1234560032 /* seed_data.json in Resources */ = {isa = PBXBuildFile; fileRef = 2A1234570032 /* seed_data.json */; };
		2A1234560033 /* DatabaseManager.swift in Sources */ = {isa = PBXBuildFile; fileRef = 2A1234570033 /* DatabaseManager.swift */; };
		2A1234560034 /* RepositoryProvider.swift in Sources */ = {isa = PBXBuildFile; fileRef = 2A1234570034 /* RepositoryProvider.swift */; };
		2A1234560035 /* FlowCollector.swift in Sources */ = {isa = PBXBuildFile; fileRef = 2A1234570035 /* FlowCollector.swift */; };
		2A1234560036 /* HealthMetricsScreen.swift in Sources */ = {isa = PBXBuildFile; fileRef = 2A1234570036 /* HealthMetricsScreen.swift */; };
		2A1234560037 /* AddMetricScreen.swift in Sources */ = {isa = PBXBuildFile; fileRef = 2A1234570037 /* AddMetricScreen.swift */; };
		2A1234560038 /* ChartsScreen.swift in Sources */ = {isa = PBXBuildFile; fileRef = 2A1234570038 /* ChartsScreen.swift */; };
		2A1234560039 /* DatabaseSeeder.swift in Sources */ = {isa = PBXBuildFile; fileRef = 2A1234570039 /* DatabaseSeeder.swift */; };
		2A1234560040 /* DataImporter.swift in Sources */ = {isa = PBXBuildFile; fileRef = 2A1234570040 /* DataImporter.swift */; };
		2A12345800T1 /* AuthValidationTests.swift in Sources */ = {isa = PBXBuildFile; fileRef = 2A12345800T2 /* AuthValidationTests.swift */; };
/* End PBXBuildFile section */

/* Begin PBXCopyFilesBuildPhase section */
		2A1234580001 /* Embed Frameworks */ = {
			isa = PBXCopyFilesBuildPhase;
			buildActionMask = 2147483647;
			dstPath = "";
			dstSubfolderSpec = 10;
			files = (
				2A1234560004 /* shared.framework in Embed Frameworks */,
			);
			name = "Embed Frameworks";
			runOnlyForDeploymentPostprocessing = 0;
		};
/* End PBXCopyFilesBuildPhase section */

/* Begin PBXFileReference section */
		2A1234570001 /* MealPlanPlusApp.swift */ = {isa = PBXFileReference; lastKnownFileType = sourcecode.swift; path = MealPlanPlusApp.swift; sourceTree = "<group>"; };
		2A1234570002 /* ContentView.swift */ = {isa = PBXFileReference; lastKnownFileType = sourcecode.swift; path = ContentView.swift; sourceTree = "<group>"; };
		2A1234570003 /* shared.framework */ = {isa = PBXFileReference; lastKnownFileType = wrapper.framework; name = shared.framework; path = "../shared/build/xcode-frameworks/$(CONFIGURATION)/$(SDK_NAME)/shared.framework"; sourceTree = SOURCE_ROOT; };
		2A1234570004 /* Info.plist */ = {isa = PBXFileReference; lastKnownFileType = text.plist.xml; path = Info.plist; sourceTree = "<group>"; };
		2A1234570005 /* iosApp.app */ = {isa = PBXFileReference; explicitFileType = wrapper.application; includeInIndex = 0; path = iosApp.app; sourceTree = BUILT_PRODUCTS_DIR; };
		2A1234570006 /* libsqlite3.tbd */ = {isa = PBXFileReference; lastKnownFileType = "sourcecode.text-based-dylib-definition"; name = libsqlite3.tbd; path = usr/lib/libsqlite3.tbd; sourceTree = SDKROOT; };
		2A1234570010 /* AppNavigation.swift */ = {isa = PBXFileReference; lastKnownFileType = sourcecode.swift; path = AppNavigation.swift; sourceTree = "<group>"; };
		2A1234570011 /* LoginScreen.swift */ = {isa = PBXFileReference; lastKnownFileType = sourcecode.swift; path = LoginScreen.swift; sourceTree = "<group>"; };
		2A1234570012 /* SignUpScreen.swift */ = {isa = PBXFileReference; lastKnownFileType = sourcecode.swift; path = SignUpScreen.swift; sourceTree = "<group>"; };
		2A123457009A /* ForgotPasswordScreen.swift */ = {isa = PBXFileReference; lastKnownFileType = sourcecode.swift; path = ForgotPasswordScreen.swift; sourceTree = "<group>"; };
		2A1234570013 /* HomeScreen.swift */ = {isa = PBXFileReference; lastKnownFileType = sourcecode.swift; path = HomeScreen.swift; sourceTree = "<group>"; };
		2A1234570014 /* FoodsScreen.swift */ = {isa = PBXFileReference; lastKnownFileType = sourcecode.swift; path = FoodsScreen.swift; sourceTree = "<group>"; };
		2A1234570015 /* AddFoodScreen.swift */ = {isa = PBXFileReference; lastKnownFileType = sourcecode.swift; path = AddFoodScreen.swift; sourceTree = "<group>"; };
		2A1234570016 /* MealsScreen.swift */ = {isa = PBXFileReference; lastKnownFileType = sourcecode.swift; path = MealsScreen.swift; sourceTree = "<group>"; };
		2A1234570017 /* AddMealScreen.swift */ = {isa = PBXFileReference; lastKnownFileType = sourcecode.swift; path = AddMealScreen.swift; sourceTree = "<group>"; };
		2A1234570018 /* DietsScreen.swift */ = {isa = PBXFileReference; lastKnownFileType = sourcecode.swift; path = DietsScreen.swift; sourceTree = "<group>"; };
		2A1234570019 /* DietDetailScreen.swift */ = {isa = PBXFileReference; lastKnownFileType = sourcecode.swift; path = DietDetailScreen.swift; sourceTree = "<group>"; };
		2A1234570020 /* DailyLogScreen.swift */ = {isa = PBXFileReference; lastKnownFileType = sourcecode.swift; path = DailyLogScreen.swift; sourceTree = "<group>"; };
		2A1234570021 /* MoreScreen.swift */ = {isa = PBXFileReference; lastKnownFileType = sourcecode.swift; path = MoreScreen.swift; sourceTree = "<group>"; };
		2A1234570022 /* BarcodeScannerScreen.swift */ = {isa = PBXFileReference; lastKnownFileType = sourcecode.swift; path = BarcodeScannerScreen.swift; sourceTree = "<group>"; };
		2A1234570023 /* OnlineSearchScreen.swift */ = {isa = PBXFileReference; lastKnownFileType = sourcecode.swift; path = OnlineSearchScreen.swift; sourceTree = "<group>"; };
		2A1234570031 /* ingredients.json */ = {isa = PBXFileReference; lastKnownFileType = text.json; path = ingredients.json; sourceTree = "<group>"; };
		2A1234570032 /* seed_data.json */ = {isa = PBXFileReference; lastKnownFileType = text.json; path = seed_data.json; sourceTree = "<group>"; };
		2A1234570033 /* DatabaseManager.swift */ = {isa = PBXFileReference; lastKnownFileType = sourcecode.swift; path = DatabaseManager.swift; sourceTree = "<group>"; };
		2A1234570034 /* RepositoryProvider.swift */ = {isa = PBXFileReference; lastKnownFileType = sourcecode.swift; path = RepositoryProvider.swift; sourceTree = "<group>"; };
		2A1234570035 /* FlowCollector.swift */ = {isa = PBXFileReference; lastKnownFileType = sourcecode.swift; path = FlowCollector.swift; sourceTree = "<group>"; };
		2A1234570036 /* HealthMetricsScreen.swift */ = {isa = PBXFileReference; lastKnownFileType = sourcecode.swift; path = HealthMetricsScreen.swift; sourceTree = "<group>"; };
		2A1234570037 /* AddMetricScreen.swift */ = {isa = PBXFileReference; lastKnownFileType = sourcecode.swift; path = AddMetricScreen.swift; sourceTree = "<group>"; };
		2A1234570038 /* ChartsScreen.swift */ = {isa = PBXFileReference; lastKnownFileType = sourcecode.swift; path = ChartsScreen.swift; sourceTree = "<group>"; };
		2A1234570039 /* DatabaseSeeder.swift */ = {isa = PBXFileReference; lastKnownFileType = sourcecode.swift; path = DatabaseSeeder.swift; sourceTree = "<group>"; };
		2A1234570040 /* DataImporter.swift */ = {isa = PBXFileReference; lastKnownFileType = sourcecode.swift; path = DataImporter.swift; sourceTree = "<group>"; };
		2A12345800T2 /* AuthValidationTests.swift */ = {isa = PBXFileReference; lastKnownFileType = sourcecode.swift; path = AuthValidationTests.swift; sourceTree = "<group>"; };
		2A12345800T3 /* iosAppTests.xctest */ = {isa = PBXFileReference; explicitFileType = wrapper.cfbundle; includeInIndex = 0; path = iosAppTests.xctest; sourceTree = BUILT_PRODUCTS_DIR; };
/* End PBXFileReference section */

/* Begin PBXFrameworksBuildPhase section */
		2A1234590001 /* Frameworks */ = {
			isa = PBXFrameworksBuildPhase;
			buildActionMask = 2147483647;
			files = (
				2A1234560003 /* shared.framework in Frameworks */,
				2A1234560005 /* libsqlite3.tbd in Frameworks */,
			);
			runOnlyForDeploymentPostprocessing = 0;
		};
/* End PBXFrameworksBuildPhase section */

/* Begin PBXGroup section */
		2A12345A0001 = {
			isa = PBXGroup;
			children = (
				2A12345A0002 /* iosApp */,
				2A12345800T4 /* iosAppTests */,
				2A12345A0003 /* Products */,
				2A12345A0004 /* Frameworks */,
			);
			sourceTree = "<group>";
		};
		2A12345800T4 /* iosAppTests */ = {
			isa = PBXGroup;
			children = (
				2A12345800T2 /* AuthValidationTests.swift */,
			);
			path = iosAppTests;
			sourceTree = "<group>";
		};
		2A12345A0002 /* iosApp */ = {
			isa = PBXGroup;
			children = (
				2A1234570001 /* MealPlanPlusApp.swift */,
				2A1234570002 /* ContentView.swift */,
				2A1234570004 /* Info.plist */,
				2A12345A0010 /* Navigation */,
				2A12345A0011 /* Screens */,
				2A12345A0020 /* Data */,
				2A12345A0022 /* Utils */,
				2A12345A0021 /* Resources */,
			);
			path = iosApp;
			sourceTree = "<group>";
		};
		2A12345A0003 /* Products */ = {
			isa = PBXGroup;
			children = (
				2A1234570005 /* iosApp.app */,
				2A12345800T3 /* iosAppTests.xctest */,
			);
			name = Products;
			sourceTree = "<group>";
		};
		2A12345A0004 /* Frameworks */ = {
			isa = PBXGroup;
			children = (
				2A1234570003 /* shared.framework */,
				2A1234570006 /* libsqlite3.tbd */,
			);
			name = Frameworks;
			sourceTree = "<group>";
		};
		2A12345A0010 /* Navigation */ = {
			isa = PBXGroup;
			children = (
				2A1234570010 /* AppNavigation.swift */,
			);
			path = Navigation;
			sourceTree = "<group>";
		};
		2A12345A0011 /* Screens */ = {
			isa = PBXGroup;
			children = (
				2A12345A0012 /* Auth */,
				2A12345A0013 /* Home */,
				2A12345A0014 /* Foods */,
				2A12345A0015 /* Meals */,
				2A12345A0016 /* Diets */,
				2A12345A0017 /* DailyLog */,
				2A12345A0018 /* More */,
				2A12345A0019 /* Scanner */,
				2A12345A0023 /* Health */,
				2A12345A0024 /* Charts */,
			);
			path = Screens;
			sourceTree = "<group>";
		};
		2A12345A0012 /* Auth */ = {
			isa = PBXGroup;
			children = (
				2A1234570011 /* LoginScreen.swift */,
				2A1234570012 /* SignUpScreen.swift */,
				2A123457009A /* ForgotPasswordScreen.swift */,
			);
			path = Auth;
			sourceTree = "<group>";
		};
		2A12345A0013 /* Home */ = {
			isa = PBXGroup;
			children = (
				2A1234570013 /* HomeScreen.swift */,
			);
			path = Home;
			sourceTree = "<group>";
		};
		2A12345A0014 /* Foods */ = {
			isa = PBXGroup;
			children = (
				2A1234570014 /* FoodsScreen.swift */,
				2A1234570015 /* AddFoodScreen.swift */,
			);
			path = Foods;
			sourceTree = "<group>";
		};
		2A12345A0015 /* Meals */ = {
			isa = PBXGroup;
			children = (
				2A1234570016 /* MealsScreen.swift */,
				2A1234570017 /* AddMealScreen.swift */,
			);
			path = Meals;
			sourceTree = "<group>";
		};
		2A12345A0016 /* Diets */ = {
			isa = PBXGroup;
			children = (
				2A1234570018 /* DietsScreen.swift */,
				2A1234570019 /* DietDetailScreen.swift */,
			);
			path = Diets;
			sourceTree = "<group>";
		};
		2A12345A0017 /* DailyLog */ = {
			isa = PBXGroup;
			children = (
				2A1234570020 /* DailyLogScreen.swift */,
			);
			path = DailyLog;
			sourceTree = "<group>";
		};
		2A12345A0018 /* More */ = {
			isa = PBXGroup;
			children = (
				2A1234570021 /* MoreScreen.swift */,
			);
			path = More;
			sourceTree = "<group>";
		};
		2A12345A0019 /* Scanner */ = {
			isa = PBXGroup;
			children = (
				2A1234570022 /* BarcodeScannerScreen.swift */,
				2A1234570023 /* OnlineSearchScreen.swift */,
			);
			path = Scanner;
			sourceTree = "<group>";
		};
		2A12345A0020 /* Data */ = {
			isa = PBXGroup;
			children = (
				2A1234570033 /* DatabaseManager.swift */,
				2A1234570034 /* RepositoryProvider.swift */,
				2A1234570039 /* DatabaseSeeder.swift */,
				2A1234570040 /* DataImporter.swift */,
			);
			path = Data;
			sourceTree = "<group>";
		};
		2A12345A0021 /* Resources */ = {
			isa = PBXGroup;
			children = (
				2A1234570031 /* ingredients.json */,
				2A1234570032 /* seed_data.json */,
			);
			path = Resources;
			sourceTree = "<group>";
		};
		2A12345A0022 /* Utils */ = {
			isa = PBXGroup;
			children = (
				2A1234570035 /* FlowCollector.swift */,
			);
			path = Utils;
			sourceTree = "<group>";
		};
		2A12345A0023 /* Health */ = {
			isa = PBXGroup;
			children = (
				2A1234570036 /* HealthMetricsScreen.swift */,
				2A1234570037 /* AddMetricScreen.swift */,
			);
			path = Health;
			sourceTree = "<group>";
		};
		2A12345A0024 /* Charts */ = {
			isa = PBXGroup;
			children = (
				2A1234570038 /* ChartsScreen.swift */,
			);
			path = Charts;
			sourceTree = "<group>";
		};
/* End PBXGroup section */

/* Begin PBXContainerItemProxy section */
		2A12345800TB /* PBXContainerItemProxy */ = {
			isa = PBXContainerItemProxy;
			containerPortal = 2A12345F0001 /* Project object */;
			proxyType = 1;
			remoteGlobalIDString = 2A12345B0001;
			remoteInfo = iosApp;
		};
/* End PBXContainerItemProxy section */

/* Begin PBXTargetDependency section */
		2A12345800TA /* PBXTargetDependency */ = {
			isa = PBXTargetDependency;
			target = 2A12345B0001 /* iosApp */;
			targetProxy = 2A12345800TB /* PBXContainerItemProxy */;
		};
/* End PBXTargetDependency section */

/* Begin PBXNativeTarget section */
		2A12345B0001 /* iosApp */ = {
			isa = PBXNativeTarget;
			buildConfigurationList = 2A12345C0001 /* Build configuration list for PBXNativeTarget "iosApp" */;
			buildPhases = (
				2A12345D0001 /* Build Kotlin Framework */,
				2A12345E0001 /* Sources */,
				2A12345E0002 /* Resources */,
				2A1234590001 /* Frameworks */,
				2A1234580001 /* Embed Frameworks */,
			);
			buildRules = (
			);
			dependencies = (
			);
			name = iosApp;
			productName = iosApp;
			productReference = 2A1234570005 /* iosApp.app */;
			productType = "com.apple.product-type.application";
		};
		2A12345800T5 /* iosAppTests */ = {
			isa = PBXNativeTarget;
			buildConfigurationList = 2A12345800T9 /* Build configuration list for PBXNativeTarget "iosAppTests" */;
			buildPhases = (
				2A12345800T6 /* Sources */,
			);
			buildRules = (
			);
			dependencies = (
				2A12345800TA /* PBXTargetDependency */,
			);
			name = iosAppTests;
			productName = iosAppTests;
			productReference = 2A12345800T3 /* iosAppTests.xctest */;
			productType = "com.apple.product-type.bundle.unit-test";
		};
/* End PBXNativeTarget section */

/* Begin PBXProject section */
		2A12345F0001 /* Project object */ = {
			isa = PBXProject;
			attributes = {
				BuildIndependentTargetsInParallel = 1;
				LastSwiftUpdateCheck = 1500;
				LastUpgradeCheck = 1500;
				TargetAttributes = {
					2A12345B0001 = {
						CreatedOnToolsVersion = 15.0;
					};
					2A12345800T5 = {
						CreatedOnToolsVersion = 15.0;
						TestTargetID = 2A12345B0001;
					};
				};
			};
			buildConfigurationList = 2A1234600001 /* Build configuration list for PBXProject "iosApp" */;
			compatibilityVersion = "Xcode 14.0";
			developmentRegion = en;
			hasScannedForEncodings = 0;
			knownRegions = (
				en,
				Base,
			);
			mainGroup = 2A12345A0001;
			productRefGroup = 2A12345A0003 /* Products */;
			projectDirPath = "";
			projectRoot = "";
			targets = (
				2A12345B0001 /* iosApp */,
				2A12345800T5 /* iosAppTests */,
			);
		};
/* End PBXProject section */

/* Begin PBXShellScriptBuildPhase section */
		2A12345D0001 /* Build Kotlin Framework */ = {
			isa = PBXShellScriptBuildPhase;
			buildActionMask = 2147483647;
			files = (
			);
			inputFileListPaths = (
			);
			inputPaths = (
			);
			name = "Build Kotlin Framework";
			outputFileListPaths = (
			);
			outputPaths = (
			);
			runOnlyForDeploymentPostprocessing = 0;
			shellPath = /bin/sh;
			shellScript = "cd \"$SRCROOT/..\"\n./gradlew :shared:embedAndSignAppleFrameworkForXcode\n";
		};
/* End PBXShellScriptBuildPhase section */

/* Begin PBXSourcesBuildPhase section */
		2A12345E0001 /* Sources */ = {
			isa = PBXSourcesBuildPhase;
			buildActionMask = 2147483647;
			files = (
				2A1234560001 /* MealPlanPlusApp.swift in Sources */,
				2A1234560002 /* ContentView.swift in Sources */,
				2A1234560010 /* AppNavigation.swift in Sources */,
				2A1234560011 /* LoginScreen.swift in Sources */,
				2A1234560012 /* SignUpScreen.swift in Sources */,
				2A123456009A /* ForgotPasswordScreen.swift in Sources */,
				2A1234560013 /* HomeScreen.swift in Sources */,
				2A1234560014 /* FoodsScreen.swift in Sources */,
				2A1234560015 /* AddFoodScreen.swift in Sources */,
				2A1234560016 /* MealsScreen.swift in Sources */,
				2A1234560017 /* AddMealScreen.swift in Sources */,
				2A1234560018 /* DietsScreen.swift in Sources */,
				2A1234560019 /* DietDetailScreen.swift in Sources */,
				2A1234560020 /* DailyLogScreen.swift in Sources */,
				2A1234560021 /* MoreScreen.swift in Sources */,
				2A1234560022 /* BarcodeScannerScreen.swift in Sources */,
				2A1234560023 /* OnlineSearchScreen.swift in Sources */,
				2A1234560033 /* DatabaseManager.swift in Sources */,
				2A1234560034 /* RepositoryProvider.swift in Sources */,
				2A1234560035 /* FlowCollector.swift in Sources */,
				2A1234560036 /* HealthMetricsScreen.swift in Sources */,
				2A1234560037 /* AddMetricScreen.swift in Sources */,
				2A1234560038 /* ChartsScreen.swift in Sources */,
				2A1234560039 /* DatabaseSeeder.swift in Sources */,
				2A1234560040 /* DataImporter.swift in Sources */,
			);
			runOnlyForDeploymentPostprocessing = 0;
		};
		2A12345800T6 /* Sources (Tests) */ = {
			isa = PBXSourcesBuildPhase;
			buildActionMask = 2147483647;
			files = (
				2A12345800T1 /* AuthValidationTests.swift in Sources */,
			);
			runOnlyForDeploymentPostprocessing = 0;
		};
/* End PBXSourcesBuildPhase section */

/* Begin PBXResourcesBuildPhase section */
		2A12345E0002 /* Resources */ = {
			isa = PBXResourcesBuildPhase;
			buildActionMask = 2147483647;
			files = (
				2A1234560031 /* ingredients.json in Resources */,
				2A1234560032 /* seed_data.json in Resources */,
			);
			runOnlyForDeploymentPostprocessing = 0;
		};
/* End PBXResourcesBuildPhase section */

/* Begin XCBuildConfiguration section */
		2A1234610001 /* Debug */ = {
			isa = XCBuildConfiguration;
			buildSettings = {
				ALWAYS_SEARCH_USER_PATHS = NO;
				ASSETCATALOG_COMPILER_GENERATE_SWIFT_ASSET_SYMBOL_EXTENSIONS = YES;
				CLANG_ANALYZER_NONNULL = YES;
				CLANG_ANALYZER_NUMBER_OBJECT_CONVERSION = YES_AGGRESSIVE;
				CLANG_CXX_LANGUAGE_STANDARD = "gnu++20";
				CLANG_ENABLE_MODULES = YES;
				CLANG_ENABLE_OBJC_ARC = YES;
				CLANG_ENABLE_OBJC_WEAK = YES;
				CLANG_WARN_BLOCK_CAPTURE_AUTORELEASING = YES;
				CLANG_WARN_BOOL_CONVERSION = YES;
				CLANG_WARN_COMMA = YES;
				CLANG_WARN_CONSTANT_CONVERSION = YES;
				CLANG_WARN_DEPRECATED_OBJC_IMPLEMENTATIONS = YES;
				CLANG_WARN_DIRECT_OBJC_ISA_USAGE = YES_ERROR;
				CLANG_WARN_DOCUMENTATION_COMMENTS = YES;
				CLANG_WARN_EMPTY_BODY = YES;
				CLANG_WARN_ENUM_CONVERSION = YES;
				CLANG_WARN_INFINITE_RECURSION = YES;
				CLANG_WARN_INT_CONVERSION = YES;
				CLANG_WARN_NON_LITERAL_NULL_CONVERSION = YES;
				CLANG_WARN_OBJC_IMPLICIT_RETAIN_SELF = YES;
				CLANG_WARN_OBJC_LITERAL_CONVERSION = YES;
				CLANG_WARN_OBJC_ROOT_CLASS = YES_ERROR;
				CLANG_WARN_QUOTED_INCLUDE_IN_FRAMEWORK_HEADER = YES;
				CLANG_WARN_RANGE_LOOP_ANALYSIS = YES;
				CLANG_WARN_STRICT_PROTOTYPES = YES;
				CLANG_WARN_SUSPICIOUS_MOVE = YES;
				CLANG_WARN_UNGUARDED_AVAILABILITY = YES_AGGRESSIVE;
				CLANG_WARN_UNREACHABLE_CODE = YES;
				CLANG_WARN__DUPLICATE_METHOD_MATCH = YES;
				COPY_PHASE_STRIP = NO;
				DEBUG_INFORMATION_FORMAT = dwarf;
				ENABLE_STRICT_OBJC_MSGSEND = YES;
				ENABLE_TESTABILITY = YES;
				ENABLE_USER_SCRIPT_SANDBOXING = NO;
				GCC_C_LANGUAGE_STANDARD = gnu17;
				GCC_DYNAMIC_NO_PIC = NO;
				GCC_NO_COMMON_BLOCKS = YES;
				GCC_OPTIMIZATION_LEVEL = 0;
				GCC_PREPROCESSOR_DEFINITIONS = (
					"DEBUG=1",
					"$(inherited)",
				);
				GCC_WARN_64_TO_32_BIT_CONVERSION = YES;
				GCC_WARN_ABOUT_RETURN_TYPE = YES_ERROR;
				GCC_WARN_UNDECLARED_SELECTOR = YES;
				GCC_WARN_UNINITIALIZED_AUTOS = YES_AGGRESSIVE;
				GCC_WARN_UNUSED_FUNCTION = YES;
				GCC_WARN_UNUSED_VARIABLE = YES;
				IPHONEOS_DEPLOYMENT_TARGET = 16.0;
				LOCALIZATION_PREFERS_STRING_CATALOGS = YES;
				MTL_ENABLE_DEBUG_INFO = INCLUDE_SOURCE;
				MTL_FAST_MATH = YES;
				ONLY_ACTIVE_ARCH = YES;
				SDKROOT = iphoneos;
				SWIFT_ACTIVE_COMPILATION_CONDITIONS = "DEBUG $(inherited)";
				SWIFT_OPTIMIZATION_LEVEL = "-Onone";
			};
			name = Debug;
		};
		2A1234610002 /* Release */ = {
			isa = XCBuildConfiguration;
			buildSettings = {
				ALWAYS_SEARCH_USER_PATHS = NO;
				ASSETCATALOG_COMPILER_GENERATE_SWIFT_ASSET_SYMBOL_EXTENSIONS = YES;
				CLANG_ANALYZER_NONNULL = YES;
				CLANG_ANALYZER_NUMBER_OBJECT_CONVERSION = YES_AGGRESSIVE;
				CLANG_CXX_LANGUAGE_STANDARD = "gnu++20";
				CLANG_ENABLE_MODULES = YES;
				CLANG_ENABLE_OBJC_ARC = YES;
				CLANG_ENABLE_OBJC_WEAK = YES;
				CLANG_WARN_BLOCK_CAPTURE_AUTORELEASING = YES;
				CLANG_WARN_BOOL_CONVERSION = YES;
				CLANG_WARN_COMMA = YES;
				CLANG_WARN_CONSTANT_CONVERSION = YES;
				CLANG_WARN_DEPRECATED_OBJC_IMPLEMENTATIONS = YES;
				CLANG_WARN_DIRECT_OBJC_ISA_USAGE = YES_ERROR;
				CLANG_WARN_DOCUMENTATION_COMMENTS = YES;
				CLANG_WARN_EMPTY_BODY = YES;
				CLANG_WARN_ENUM_CONVERSION = YES;
				CLANG_WARN_INFINITE_RECURSION = YES;
				CLANG_WARN_INT_CONVERSION = YES;
				CLANG_WARN_NON_LITERAL_NULL_CONVERSION = YES;
				CLANG_WARN_OBJC_IMPLICIT_RETAIN_SELF = YES;
				CLANG_WARN_OBJC_LITERAL_CONVERSION = YES;
				CLANG_WARN_OBJC_ROOT_CLASS = YES_ERROR;
				CLANG_WARN_QUOTED_INCLUDE_IN_FRAMEWORK_HEADER = YES;
				CLANG_WARN_RANGE_LOOP_ANALYSIS = YES;
				CLANG_WARN_STRICT_PROTOTYPES = YES;
				CLANG_WARN_SUSPICIOUS_MOVE = YES;
				CLANG_WARN_UNGUARDED_AVAILABILITY = YES_AGGRESSIVE;
				CLANG_WARN_UNREACHABLE_CODE = YES;
				CLANG_WARN__DUPLICATE_METHOD_MATCH = YES;
				COPY_PHASE_STRIP = NO;
				DEBUG_INFORMATION_FORMAT = "dwarf-with-dsym";
				ENABLE_NS_ASSERTIONS = NO;
				ENABLE_STRICT_OBJC_MSGSEND = YES;
				ENABLE_USER_SCRIPT_SANDBOXING = NO;
				GCC_C_LANGUAGE_STANDARD = gnu17;
				GCC_NO_COMMON_BLOCKS = YES;
				GCC_WARN_64_TO_32_BIT_CONVERSION = YES;
				GCC_WARN_ABOUT_RETURN_TYPE = YES_ERROR;
				GCC_WARN_UNDECLARED_SELECTOR = YES;
				GCC_WARN_UNINITIALIZED_AUTOS = YES_AGGRESSIVE;
				GCC_WARN_UNUSED_FUNCTION = YES;
				GCC_WARN_UNUSED_VARIABLE = YES;
				IPHONEOS_DEPLOYMENT_TARGET = 16.0;
				LOCALIZATION_PREFERS_STRING_CATALOGS = YES;
				MTL_ENABLE_DEBUG_INFO = NO;
				MTL_FAST_MATH = YES;
				SDKROOT = iphoneos;
				SWIFT_COMPILATION_MODE = wholemodule;
				VALIDATE_PRODUCT = YES;
			};
			name = Release;
		};
		2A1234620001 /* Debug */ = {
			isa = XCBuildConfiguration;
			buildSettings = {
				ASSETCATALOG_COMPILER_APPICON_NAME = AppIcon;
				ASSETCATALOG_COMPILER_GLOBAL_ACCENT_COLOR_NAME = AccentColor;
				CODE_SIGN_STYLE = Automatic;
				CURRENT_PROJECT_VERSION = 1;
				DEVELOPMENT_TEAM = "";
				ENABLE_PREVIEWS = YES;
				FRAMEWORK_SEARCH_PATHS = "$(SRCROOT)/../shared/build/xcode-frameworks/$(CONFIGURATION)/$(SDK_NAME)";
				GENERATE_INFOPLIST_FILE = YES;
				INFOPLIST_FILE = iosApp/Info.plist;
				INFOPLIST_KEY_UIApplicationSceneManifest_Generation = YES;
				INFOPLIST_KEY_UIApplicationSupportsIndirectInputEvents = YES;
				INFOPLIST_KEY_UILaunchScreen_Generation = YES;
				INFOPLIST_KEY_UISupportedInterfaceOrientations_iPad = "UIInterfaceOrientationPortrait UIInterfaceOrientationPortraitUpsideDown UIInterfaceOrientationLandscapeLeft UIInterfaceOrientationLandscapeRight";
				INFOPLIST_KEY_UISupportedInterfaceOrientations_iPhone = "UIInterfaceOrientationPortrait UIInterfaceOrientationLandscapeLeft UIInterfaceOrientationLandscapeRight";
				LD_RUNPATH_SEARCH_PATHS = (
					"$(inherited)",
					"@executable_path/Frameworks",
				);
				MARKETING_VERSION = 1.0;
				OTHER_LDFLAGS = (
					"$(inherited)",
					"-framework",
					shared,
				);
				PRODUCT_BUNDLE_IDENTIFIER = com.mealplanplus.ios;
				PRODUCT_NAME = "$(TARGET_NAME)";
				SWIFT_EMIT_LOC_STRINGS = YES;
				SWIFT_VERSION = 5.0;
				TARGETED_DEVICE_FAMILY = "1,2";
			};
			name = Debug;
		};
		2A1234620002 /* Release */ = {
			isa = XCBuildConfiguration;
			buildSettings = {
				ASSETCATALOG_COMPILER_APPICON_NAME = AppIcon;
				ASSETCATALOG_COMPILER_GLOBAL_ACCENT_COLOR_NAME = AccentColor;
				CODE_SIGN_STYLE = Automatic;
				CURRENT_PROJECT_VERSION = 1;
				DEVELOPMENT_TEAM = "";
				ENABLE_PREVIEWS = YES;
				FRAMEWORK_SEARCH_PATHS = "$(SRCROOT)/../shared/build/xcode-frameworks/$(CONFIGURATION)/$(SDK_NAME)";
				GENERATE_INFOPLIST_FILE = YES;
				INFOPLIST_FILE = iosApp/Info.plist;
				INFOPLIST_KEY_UIApplicationSceneManifest_Generation = YES;
				INFOPLIST_KEY_UIApplicationSupportsIndirectInputEvents = YES;
				INFOPLIST_KEY_UILaunchScreen_Generation = YES;
				INFOPLIST_KEY_UISupportedInterfaceOrientations_iPad = "UIInterfaceOrientationPortrait UIInterfaceOrientationPortraitUpsideDown UIInterfaceOrientationLandscapeLeft UIInterfaceOrientationLandscapeRight";
				INFOPLIST_KEY_UISupportedInterfaceOrientations_iPhone = "UIInterfaceOrientationPortrait UIInterfaceOrientationLandscapeLeft UIInterfaceOrientationLandscapeRight";
				LD_RUNPATH_SEARCH_PATHS = (
					"$(inherited)",
					"@executable_path/Frameworks",
				);
				MARKETING_VERSION = 1.0;
				OTHER_LDFLAGS = (
					"$(inherited)",
					"-framework",
					shared,
				);
				PRODUCT_BUNDLE_IDENTIFIER = com.mealplanplus.ios;
				PRODUCT_NAME = "$(TARGET_NAME)";
				SWIFT_EMIT_LOC_STRINGS = YES;
				SWIFT_VERSION = 5.0;
				TARGETED_DEVICE_FAMILY = "1,2";
			};
			name = Release;
		};
		2A12345800T7 /* Debug */ = {
			isa = XCBuildConfiguration;
			buildSettings = {
				CODE_SIGN_STYLE = Automatic;
				DEVELOPMENT_TEAM = "";
				FRAMEWORK_SEARCH_PATHS = (
					"$(inherited)",
					"$(SRCROOT)/../shared/build/xcode-frameworks/$(CONFIGURATION)/$(SDK_NAME)",
				);
				GENERATE_INFOPLIST_FILE = YES;
				IPHONEOS_DEPLOYMENT_TARGET = 16.0;
				LD_RUNPATH_SEARCH_PATHS = (
					"$(inherited)",
					"@executable_path/Frameworks",
					"@loader_path/Frameworks",
				);
				OTHER_LDFLAGS = (
					"$(inherited)",
					"-framework",
					shared,
				);
				PRODUCT_BUNDLE_IDENTIFIER = com.mealplanplus.ios.tests;
				PRODUCT_NAME = "$(TARGET_NAME)";
				SDKROOT = iphoneos;
				SWIFT_VERSION = 5.0;
				TARGETED_DEVICE_FAMILY = "1,2";
			};
			name = Debug;
		};
		2A12345800T8 /* Release */ = {
			isa = XCBuildConfiguration;
			buildSettings = {
				CODE_SIGN_STYLE = Automatic;
				DEVELOPMENT_TEAM = "";
				FRAMEWORK_SEARCH_PATHS = (
					"$(inherited)",
					"$(SRCROOT)/../shared/build/xcode-frameworks/$(CONFIGURATION)/$(SDK_NAME)",
				);
				GENERATE_INFOPLIST_FILE = YES;
				IPHONEOS_DEPLOYMENT_TARGET = 16.0;
				LD_RUNPATH_SEARCH_PATHS = (
					"$(inherited)",
					"@executable_path/Frameworks",
					"@loader_path/Frameworks",
				);
				OTHER_LDFLAGS = (
					"$(inherited)",
					"-framework",
					shared,
				);
				PRODUCT_BUNDLE_IDENTIFIER = com.mealplanplus.ios.tests;
				PRODUCT_NAME = "$(TARGET_NAME)";
				SDKROOT = iphoneos;
				SWIFT_VERSION = 5.0;
				TARGETED_DEVICE_FAMILY = "1,2";
			};
			name = Release;
		};
/* End XCBuildConfiguration section */

/* Begin XCConfigurationList section */
		2A12345C0001 /* Build configuration list for PBXNativeTarget "iosApp" */ = {
			isa = XCConfigurationList;
			buildConfigurations = (
				2A1234620001 /* Debug */,
				2A1234620002 /* Release */,
			);
			defaultConfigurationIsVisible = 0;
			defaultConfigurationName = Release;
		};
		2A1234600001 /* Build configuration list for PBXProject "iosApp" */ = {
			isa = XCConfigurationList;
			buildConfigurations = (
				2A1234610001 /* Debug */,
				2A1234610002 /* Release */,
			);
			defaultConfigurationIsVisible = 0;
			defaultConfigurationName = Release;
		};
		2A12345800T9 /* Build configuration list for PBXNativeTarget "iosAppTests" */ = {
			isa = XCConfigurationList;
			buildConfigurations = (
				2A12345800T7 /* Debug */,
				2A12345800T8 /* Release */,
			);
			defaultConfigurationIsVisible = 0;
			defaultConfigurationName = Release;
		};
/* End XCConfigurationList section */
	};
	rootObject = 2A12345F0001 /* Project object */;
}
